
Microsoft Visual Studio Solution File, Format Version 12.00
# Visual Studio Version 17
VisualStudioVersion = 17.7.34024.191
MinimumVisualStudioVersion = 10.0.40219.1
Project("{FAE04EC0-301F-11D3-BF4B-00C04F79EFBC}") = "AgeCalculator", "AgeCalculator\AgeCalculator.csproj", "{71A4E283-7A70-4C07-A8EC-6250E95D3E4A}"
EndProject
Global
	GlobalSection(SolutionConfigurationPlatforms) = preSolution
		Debug|Any CPU = Debug|Any CPU
		Release|Any CPU = Release|Any CPU
	EndGlobalSection
	GlobalSection(ProjectConfigurationPlatforms) = postSolution
		{71A4E283-7A70-4C07-A8EC-6250E95D3E4A}.Debug|Any CPU.ActiveCfg = Debug|Any CPU
		{71A4E283-7A70-4C07-A8EC-6250E95D3E4A}.Debug|Any CPU.Build.0 = Debug|Any CPU
		{71A4E283-7A70-4C07-A8EC-6250E95D3E4A}.Release|Any CPU.ActiveCfg = Release|Any CPU
		{71A4E283-7A70-4C07-A8EC-6250E95D3E4A}.Release|Any CPU.Build.0 = Release|Any CPU
	EndGlobalSection
	GlobalSection(SolutionProperties) = preSolution
		HideSolutionNode = FALSE
	EndGlobalSection
	GlobalSection(ExtensibilityGlobals) = postSolution
		SolutionGuid = {0C0C556A-BF4F-492C-B91F-6C95B13BF480}
	EndGlobalSection
EndGlobal
